
Microsoft Visual Studio Solution File, Format Version 12.00
# Visual Studio 2013
VisualStudioVersion = 12.0.31101.0
MinimumVisualStudioVersion = 10.0.40219.1
Project("{F2A71F9B-5D33-465A-A702-920D77279786}") = "FsLab.Tutorial", "FsLab.Tutorial.fsproj", "{8EDF3404-0995-4804-AD53-6622A521A765}"
EndProject
Global
	GlobalSection(SolutionConfigurationPlatforms) = preSolution
		Debug|Any CPU = Debug|Any CPU
		Release|Any CPU = Release|Any CPU
	EndGlobalSection
	GlobalSection(ProjectConfigurationPlatforms) = postSolution
		{8EDF3404-0995-4804-AD53-6622A521A765}.Debug|Any CPU.ActiveCfg = Debug|Any CPU
		{8EDF3404-0995-4804-AD53-6622A521A765}.Debug|Any CPU.Build.0 = Debug|Any CPU
		{8EDF3404-0995-4804-AD53-6622A521A765}.Release|Any CPU.ActiveCfg = Release|Any CPU
		{8EDF3404-0995-4804-AD53-6622A521A765}.Release|Any CPU.Build.0 = Release|Any CPU
	EndGlobalSection
	GlobalSection(SolutionProperties) = preSolution
		HideSolutionNode = FALSE
	EndGlobalSection
EndGlobal
