
Microsoft Visual Studio Solution File, Format Version 12.00
# Visual Studio 2013
VisualStudioVersion = 12.0.21005.1
MinimumVisualStudioVersion = 10.0.40219.1
Project("{2150E333-8FDC-42A3-9474-1A3956D46DE8}") = "src", "src", "{790C05AB-929E-4242-B4C8-3FB83689604F}"
	ProjectSection(SolutionItems) = preProject
		src\FsLab.fsx = src\FsLab.fsx
		src\FsLab.nuspec = src\FsLab.nuspec
		src\packages.config = src\packages.config
	EndProjectSection
EndProject
Project("{2150E333-8FDC-42A3-9474-1A3956D46DE8}") = "tools", "tools", "{7CF0FAF6-92F9-4326-AD2A-AD451873DA46}"
	ProjectSection(SolutionItems) = preProject
		build.fsx = build.fsx
	EndProjectSection
EndProject
Global
	GlobalSection(SolutionProperties) = preSolution
		HideSolutionNode = FALSE
	EndGlobalSection
EndGlobal
