Microsoft Visual Studio Solution File, Format Version 12.00
# Visual Studio 2013
VisualStudioVersion = 12.0.31101.0
MinimumVisualStudioVersion = 10.0.40219.1
Project("{2150E333-8FDC-42A3-9474-1A3956D46DE8}") = ".paket", ".paket", "{F6C8C193-82A6-46FD-9919-C24EDFC3BBF6}"
	ProjectSection(SolutionItems) = preProject
		paket.dependencies = paket.dependencies
	EndProjectSection
EndProject
Project("{FAE04EC0-301F-11D3-BF4B-00C04F79EFBC}") = "FsLab.Template", "FsLab.Template.csproj", "{CD13C6F0-CE9A-4F1D-8AB7-50637FDFB7F5}"
EndProject
Global
	GlobalSection(SolutionConfigurationPlatforms) = preSolution
		Debug|Any CPU = Debug|Any CPU
		Release|Any CPU = Release|Any CPU
	EndGlobalSection
	GlobalSection(ProjectConfigurationPlatforms) = postSolution
		{CD13C6F0-CE9A-4F1D-8AB7-50637FDFB7F5}.Debug|Any CPU.ActiveCfg = Debug|Any CPU
		{CD13C6F0-CE9A-4F1D-8AB7-50637FDFB7F5}.Debug|Any CPU.Build.0 = Debug|Any CPU
		{CD13C6F0-CE9A-4F1D-8AB7-50637FDFB7F5}.Release|Any CPU.ActiveCfg = Release|Any CPU
		{CD13C6F0-CE9A-4F1D-8AB7-50637FDFB7F5}.Release|Any CPU.Build.0 = Release|Any CPU
	EndGlobalSection
	GlobalSection(SolutionProperties) = preSolution
		HideSolutionNode = FALSE
	EndGlobalSection
EndGlobal
